
Microsoft Visual Studio Solution File, Format Version 12.00
# Visual Studio Version 16
VisualStudioVersion = 16.0.29215.179
MinimumVisualStudioVersion = 10.0.40219.1
Project("{FAE04EC0-301F-11D3-BF4B-00C04F79EFBC}") = "Practica5CS", "Practica5CS\Practica5CS.csproj", "{971661B3-162F-4BDE-AB0F-58CDD8C897B6}"
EndProject
Global
	GlobalSection(SolutionConfigurationPlatforms) = preSolution
		Debug|Any CPU = Debug|Any CPU
		Release|Any CPU = Release|Any CPU
	EndGlobalSection
	GlobalSection(ProjectConfigurationPlatforms) = postSolution
		{971661B3-162F-4BDE-AB0F-58CDD8C897B6}.Debug|Any CPU.ActiveCfg = Debug|Any CPU
		{971661B3-162F-4BDE-AB0F-58CDD8C897B6}.Debug|Any CPU.Build.0 = Debug|Any CPU
		{971661B3-162F-4BDE-AB0F-58CDD8C897B6}.Release|Any CPU.ActiveCfg = Release|Any CPU
		{971661B3-162F-4BDE-AB0F-58CDD8C897B6}.Release|Any CPU.Build.0 = Release|Any CPU
	EndGlobalSection
	GlobalSection(SolutionProperties) = preSolution
		HideSolutionNode = FALSE
	EndGlobalSection
	GlobalSection(ExtensibilityGlobals) = postSolution
		SolutionGuid = {C505032F-82EB-4CE6-9B57-7ABD66E060B2}
	EndGlobalSection
EndGlobal
